<?xml version="1.0" encoding="UTF-8" standalone="yes" ?>
<CodeBlocks_project_file>
   <FileVersion major="1" minor="6" />
   <Project>
      <Option title="Final_Project" />
      <Option makefile_is_custom="1" />
      <Option compiler="gcc" />
      <Option virtualFolders="CMake Files\;CMake Files\..\;CMake Files\..\..\;CMake Files\..\..\..\;CMake Files\..\..\..\..\;CMake Files\..\..\..\..\..\;CMake Files\..\..\..\..\..\..\;CMake Files\..\..\..\..\..\..\usr\;CMake Files\..\..\..\..\..\..\usr\local\;CMake Files\..\..\..\..\..\..\usr\local\lib\;CMake Files\..\..\..\..\..\..\usr\local\lib\CGAL\;CMake Files\..\..\..\..\..\..\usr\lib\;CMake Files\..\..\..\..\..\..\usr\lib\x86_64-linux-gnu\;CMake Files\..\..\..\..\..\..\usr\lib\x86_64-linux-gnu\cmake\;CMake Files\..\..\..\..\..\..\usr\lib\x86_64-linux-gnu\cmake\Qt5\;CMake Files\..\..\..\..\..\..\usr\lib\x86_64-linux-gnu\cmake\Qt5OpenGL\;CMake Files\..\..\..\..\..\..\usr\lib\x86_64-linux-gnu\cmake\Qt5Widgets\;CMake Files\..\..\..\..\..\..\usr\lib\x86_64-linux-gnu\cmake\Qt5Gui\;CMake Files\..\..\..\..\..\..\usr\lib\x86_64-linux-gnu\cmake\Qt5Core\;CMake Files\..\..\..\..\..\..\usr\lib\x86_64-linux-gnu\cmake\Qt5Svg\;CMake Files\..\..\..\..\..\..\usr\lib\x86_64-linux-gnu\cmake\Qt5Script\;CMake Files\..\..\..\..\..\..\usr\lib\x86_64-linux-gnu\cmake\Qt5ScriptTools\;CMake Files\..\..\..\..\..\..\usr\lib\x86_64-linux-gnu\cmake\Qt5Xml\;" />
      <Build>
      <Target title="all">
         <Option working_dir="/home/amir/Documents/CS Masters/Robotics/Final Project" />
         <Option type="4" />
         <MakeCommands>
            <Build command="/usr/bin/make -f &quot;/home/amir/Documents/CS\ Masters/Robotics/Final\ Project/Makefile&quot;  VERBOSE=1 all" />
            <CompileFile command="/usr/bin/make -f &quot;/home/amir/Documents/CS\ Masters/Robotics/Final\ Project/Makefile&quot;  VERBOSE=1 &quot;$file&quot;" />
            <Clean command="/usr/bin/make -f &quot;/home/amir/Documents/CS\ Masters/Robotics/Final\ Project/Makefile&quot;  VERBOSE=1 clean" />
            <DistClean command="/usr/bin/make -f &quot;/home/amir/Documents/CS\ Masters/Robotics/Final\ Project/Makefile&quot;  VERBOSE=1 clean" />
         </MakeCommands>
      </Target>
      <Target title="edit_cache">
         <Option working_dir="/home/amir/Documents/CS Masters/Robotics/Final Project" />
         <Option type="4" />
         <MakeCommands>
            <Build command="/usr/bin/make -f &quot;/home/amir/Documents/CS\ Masters/Robotics/Final\ Project/Makefile&quot;  VERBOSE=1 edit_cache" />
            <CompileFile command="/usr/bin/make -f &quot;/home/amir/Documents/CS\ Masters/Robotics/Final\ Project/Makefile&quot;  VERBOSE=1 &quot;$file&quot;" />
            <Clean command="/usr/bin/make -f &quot;/home/amir/Documents/CS\ Masters/Robotics/Final\ Project/Makefile&quot;  VERBOSE=1 clean" />
            <DistClean command="/usr/bin/make -f &quot;/home/amir/Documents/CS\ Masters/Robotics/Final\ Project/Makefile&quot;  VERBOSE=1 clean" />
         </MakeCommands>
      </Target>
      <Target title="rebuild_cache">
         <Option working_dir="/home/amir/Documents/CS Masters/Robotics/Final Project" />
         <Option type="4" />
         <MakeCommands>
            <Build command="/usr/bin/make -f &quot;/home/amir/Documents/CS\ Masters/Robotics/Final\ Project/Makefile&quot;  VERBOSE=1 rebuild_cache" />
            <CompileFile command="/usr/bin/make -f &quot;/home/amir/Documents/CS\ Masters/Robotics/Final\ Project/Makefile&quot;  VERBOSE=1 &quot;$file&quot;" />
            <Clean command="/usr/bin/make -f &quot;/home/amir/Documents/CS\ Masters/Robotics/Final\ Project/Makefile&quot;  VERBOSE=1 clean" />
            <DistClean command="/usr/bin/make -f &quot;/home/amir/Documents/CS\ Masters/Robotics/Final\ Project/Makefile&quot;  VERBOSE=1 clean" />
         </MakeCommands>
      </Target>
      <Target title="min">
         <Option output="/home/amir/Documents/CS Masters/Robotics/Final Project/min" prefix_auto="0" extension_auto="0" />
         <Option working_dir="/home/amir/Documents/CS Masters/Robotics/Final Project" />
         <Option object_output="./" />
         <Option type="1" />
         <Option compiler="gcc" />
         <Compiler>
            <Add option="-DQT_XML_LIB" />
            <Add option="-DQT_CORE_LIB" />
            <Add option="-DQT_SCRIPT_LIB" />
            <Add option="-DQT_OPENGL_LIB" />
            <Add option="-DQT_WIDGETS_LIB" />
            <Add option="-DQT_GUI_LIB" />
            <Add option="-DQT_SVG_LIB" />
            <Add option="-DCGAL_USE_MPFR" />
            <Add option="-DCGAL_USE_GMP" />
            <Add option="-DQT_NO_KEYWORDS" />
            <Add option="-DQT_NO_DEBUG" />
            <Add directory="/home/amir/Documents/CS Masters/Robotics/Final Project" />
            <Add directory="/usr/include/x86_64-linux-gnu/qt5" />
            <Add directory="/usr/include/x86_64-linux-gnu/qt5/QtCore" />
            <Add directory="/usr/include/x86_64-linux-gnu/qt5/QtGui" />
            <Add directory="/usr/include/x86_64-linux-gnu/qt5/QtOpenGL" />
            <Add directory="/usr/include/x86_64-linux-gnu/qt5/QtScript" />
            <Add directory="/usr/include/x86_64-linux-gnu/qt5/QtSvg" />
            <Add directory="/usr/include/x86_64-linux-gnu/qt5/QtWidgets" />
            <Add directory="/usr/include/x86_64-linux-gnu/qt5/QtXml" />
            <Add directory="/usr/lib/x86_64-linux-gnu/qt5/mkspecs/linux-g++-64" />
            <Add directory="/usr/local/include" />
         </Compiler>
         <MakeCommands>
            <Build command="/usr/bin/make -f &quot;/home/amir/Documents/CS\ Masters/Robotics/Final\ Project/Makefile&quot;  VERBOSE=1 min" />
            <CompileFile command="/usr/bin/make -f &quot;/home/amir/Documents/CS\ Masters/Robotics/Final\ Project/Makefile&quot;  VERBOSE=1 &quot;$file&quot;" />
            <Clean command="/usr/bin/make -f &quot;/home/amir/Documents/CS\ Masters/Robotics/Final\ Project/Makefile&quot;  VERBOSE=1 clean" />
            <DistClean command="/usr/bin/make -f &quot;/home/amir/Documents/CS\ Masters/Robotics/Final\ Project/Makefile&quot;  VERBOSE=1 clean" />
         </MakeCommands>
      </Target>
      <Target title="min/fast">
         <Option output="/home/amir/Documents/CS Masters/Robotics/Final Project/min" prefix_auto="0" extension_auto="0" />
         <Option working_dir="/home/amir/Documents/CS Masters/Robotics/Final Project" />
         <Option object_output="./" />
         <Option type="1" />
         <Option compiler="gcc" />
         <Compiler>
            <Add option="-DQT_XML_LIB" />
            <Add option="-DQT_CORE_LIB" />
            <Add option="-DQT_SCRIPT_LIB" />
            <Add option="-DQT_OPENGL_LIB" />
            <Add option="-DQT_WIDGETS_LIB" />
            <Add option="-DQT_GUI_LIB" />
            <Add option="-DQT_SVG_LIB" />
            <Add option="-DCGAL_USE_MPFR" />
            <Add option="-DCGAL_USE_GMP" />
            <Add option="-DQT_NO_KEYWORDS" />
            <Add option="-DQT_NO_DEBUG" />
            <Add directory="/home/amir/Documents/CS Masters/Robotics/Final Project" />
            <Add directory="/usr/include/x86_64-linux-gnu/qt5" />
            <Add directory="/usr/include/x86_64-linux-gnu/qt5/QtCore" />
            <Add directory="/usr/include/x86_64-linux-gnu/qt5/QtGui" />
            <Add directory="/usr/include/x86_64-linux-gnu/qt5/QtOpenGL" />
            <Add directory="/usr/include/x86_64-linux-gnu/qt5/QtScript" />
            <Add directory="/usr/include/x86_64-linux-gnu/qt5/QtSvg" />
            <Add directory="/usr/include/x86_64-linux-gnu/qt5/QtWidgets" />
            <Add directory="/usr/include/x86_64-linux-gnu/qt5/QtXml" />
            <Add directory="/usr/lib/x86_64-linux-gnu/qt5/mkspecs/linux-g++-64" />
            <Add directory="/usr/local/include" />
         </Compiler>
         <MakeCommands>
            <Build command="/usr/bin/make -f &quot;/home/amir/Documents/CS\ Masters/Robotics/Final\ Project/Makefile&quot;  VERBOSE=1 min/fast" />
            <CompileFile command="/usr/bin/make -f &quot;/home/amir/Documents/CS\ Masters/Robotics/Final\ Project/Makefile&quot;  VERBOSE=1 &quot;$file&quot;" />
            <Clean command="/usr/bin/make -f &quot;/home/amir/Documents/CS\ Masters/Robotics/Final\ Project/Makefile&quot;  VERBOSE=1 clean" />
            <DistClean command="/usr/bin/make -f &quot;/home/amir/Documents/CS\ Masters/Robotics/Final\ Project/Makefile&quot;  VERBOSE=1 clean" />
         </MakeCommands>
      </Target>
      </Build>
      <Unit filename="/home/amir/Documents/CS Masters/Robotics/Final Project/CGAL_defines.h">
         <Option target="min"/>
      </Unit>
      <Unit filename="/home/amir/Documents/CS Masters/Robotics/Final Project/IQueryHandler.h">
         <Option target="min"/>
      </Unit>
      <Unit filename="/home/amir/Documents/CS Masters/Robotics/Final Project/MyQueryHandler.cpp">
         <Option target="min"/>
      </Unit>
      <Unit filename="/home/amir/Documents/CS Masters/Robotics/Final Project/MyQueryHandler.h">
         <Option target="min"/>
      </Unit>
      <Unit filename="/home/amir/Documents/CS Masters/Robotics/Final Project/Path.cpp">
         <Option target="min"/>
      </Unit>
      <Unit filename="/home/amir/Documents/CS Masters/Robotics/Final Project/Path.h">
         <Option target="min"/>
      </Unit>
      <Unit filename="/home/amir/Documents/CS Masters/Robotics/Final Project/dialog.cpp">
         <Option target="min"/>
      </Unit>
      <Unit filename="/home/amir/Documents/CS Masters/Robotics/Final Project/dialog.h">
         <Option target="min"/>
      </Unit>
      <Unit filename="/home/amir/Documents/CS Masters/Robotics/Final Project/dialog.ui">
         <Option target="min"/>
      </Unit>
      <Unit filename="/home/amir/Documents/CS Masters/Robotics/Final Project/main.cpp">
         <Option target="min"/>
      </Unit>
      <Unit filename="/home/amir/Documents/CS Masters/Robotics/Final Project/mainwindow.cpp">
         <Option target="min"/>
      </Unit>
      <Unit filename="/home/amir/Documents/CS Masters/Robotics/Final Project/mainwindow.h">
         <Option target="min"/>
      </Unit>
      <Unit filename="/home/amir/Documents/CS Masters/Robotics/Final Project/mainwindow.ui">
         <Option target="min"/>
      </Unit>
      <Unit filename="/home/amir/Documents/CS Masters/Robotics/Final Project/CMakeLists.txt">
          <Option virtualFolder="CMake Files\" />
      </Unit>
      <Unit filename="/home/amir/Documents/CS Masters/Robotics/Final Project/../../../../../../usr/local/lib/CGAL/CGALConfigVersion.cmake">
          <Option virtualFolder="CMake Files\..\..\..\..\..\..\usr\local\lib\CGAL\" />
      </Unit>
      <Unit filename="/home/amir/Documents/CS Masters/Robotics/Final Project/../../../../../../usr/local/lib/CGAL/CGALConfig.cmake">
          <Option virtualFolder="CMake Files\..\..\..\..\..\..\usr\local\lib\CGAL\" />
      </Unit>
      <Unit filename="/home/amir/Documents/CS Masters/Robotics/Final Project/../../../../../../usr/local/lib/CGAL/CGALExports.cmake">
          <Option virtualFolder="CMake Files\..\..\..\..\..\..\usr\local\lib\CGAL\" />
      </Unit>
      <Unit filename="/home/amir/Documents/CS Masters/Robotics/Final Project/../../../../../../usr/local/lib/CGAL/CGALExports-release.cmake">
          <Option virtualFolder="CMake Files\..\..\..\..\..\..\usr\local\lib\CGAL\" />
      </Unit>
      <Unit filename="/home/amir/Documents/CS Masters/Robotics/Final Project/../../../../../../usr/local/lib/CGAL/CGALLibConfig.cmake">
          <Option virtualFolder="CMake Files\..\..\..\..\..\..\usr\local\lib\CGAL\" />
      </Unit>
      <Unit filename="/home/amir/Documents/CS Masters/Robotics/Final Project/../../../../../../usr/local/lib/CGAL/CGAL_Qt5Exports.cmake">
          <Option virtualFolder="CMake Files\..\..\..\..\..\..\usr\local\lib\CGAL\" />
      </Unit>
      <Unit filename="/home/amir/Documents/CS Masters/Robotics/Final Project/../../../../../../usr/local/lib/CGAL/CGAL_Qt5Exports-release.cmake">
          <Option virtualFolder="CMake Files\..\..\..\..\..\..\usr\local\lib\CGAL\" />
      </Unit>
      <Unit filename="/home/amir/Documents/CS Masters/Robotics/Final Project/../../../../../../usr/local/lib/CGAL/CGAL_Qt5LibConfig.cmake">
          <Option virtualFolder="CMake Files\..\..\..\..\..\..\usr\local\lib\CGAL\" />
      </Unit>
      <Unit filename="/home/amir/Documents/CS Masters/Robotics/Final Project/../../../../../../usr/local/lib/CGAL/UseCGAL.cmake">
          <Option virtualFolder="CMake Files\..\..\..\..\..\..\usr\local\lib\CGAL\" />
      </Unit>
      <Unit filename="/home/amir/Documents/CS Masters/Robotics/Final Project/../../../../../../usr/local/lib/CGAL/CGAL_Macros.cmake">
          <Option virtualFolder="CMake Files\..\..\..\..\..\..\usr\local\lib\CGAL\" />
      </Unit>
      <Unit filename="/home/amir/Documents/CS Masters/Robotics/Final Project/../../../../../../usr/local/lib/CGAL/CGAL_VersionUtils.cmake">
          <Option virtualFolder="CMake Files\..\..\..\..\..\..\usr\local\lib\CGAL\" />
      </Unit>
      <Unit filename="/home/amir/Documents/CS Masters/Robotics/Final Project/../../../../../../usr/local/lib/CGAL/CGAL_Common.cmake">
          <Option virtualFolder="CMake Files\..\..\..\..\..\..\usr\local\lib\CGAL\" />
      </Unit>
      <Unit filename="/home/amir/Documents/CS Masters/Robotics/Final Project/../../../../../../usr/local/lib/CGAL/CGAL_Macros.cmake">
          <Option virtualFolder="CMake Files\..\..\..\..\..\..\usr\local\lib\CGAL\" />
      </Unit>
      <Unit filename="/home/amir/Documents/CS Masters/Robotics/Final Project/../../../../../../usr/local/lib/CGAL/CGAL_SetupFlags.cmake">
          <Option virtualFolder="CMake Files\..\..\..\..\..\..\usr\local\lib\CGAL\" />
      </Unit>
      <Unit filename="/home/amir/Documents/CS Masters/Robotics/Final Project/../../../../../../usr/local/lib/CGAL/CGAL_GeneratorSpecificSettings.cmake">
          <Option virtualFolder="CMake Files\..\..\..\..\..\..\usr\local\lib\CGAL\" />
      </Unit>
      <Unit filename="/home/amir/Documents/CS Masters/Robotics/Final Project/../../../../../../usr/local/lib/CGAL/CGAL_TweakFindBoost.cmake">
          <Option virtualFolder="CMake Files\..\..\..\..\..\..\usr\local\lib\CGAL\" />
      </Unit>
      <Unit filename="/home/amir/Documents/CS Masters/Robotics/Final Project/../../../../../../usr/local/lib/CGAL/FindOpenGL.cmake">
          <Option virtualFolder="CMake Files\..\..\..\..\..\..\usr\local\lib\CGAL\" />
      </Unit>
      <Unit filename="/home/amir/Documents/CS Masters/Robotics/Final Project/../../../../../../usr/lib/x86_64-linux-gnu/cmake/Qt5/Qt5ConfigVersion.cmake">
          <Option virtualFolder="CMake Files\..\..\..\..\..\..\usr\lib\x86_64-linux-gnu\cmake\Qt5\" />
      </Unit>
      <Unit filename="/home/amir/Documents/CS Masters/Robotics/Final Project/../../../../../../usr/lib/x86_64-linux-gnu/cmake/Qt5/Qt5Config.cmake">
          <Option virtualFolder="CMake Files\..\..\..\..\..\..\usr\lib\x86_64-linux-gnu\cmake\Qt5\" />
      </Unit>
      <Unit filename="/home/amir/Documents/CS Masters/Robotics/Final Project/../../../../../../usr/lib/x86_64-linux-gnu/cmake/Qt5/Qt5ConfigVersion.cmake">
          <Option virtualFolder="CMake Files\..\..\..\..\..\..\usr\lib\x86_64-linux-gnu\cmake\Qt5\" />
      </Unit>
      <Unit filename="/home/amir/Documents/CS Masters/Robotics/Final Project/../../../../../../usr/lib/x86_64-linux-gnu/cmake/Qt5/Qt5Config.cmake">
          <Option virtualFolder="CMake Files\..\..\..\..\..\..\usr\lib\x86_64-linux-gnu\cmake\Qt5\" />
      </Unit>
      <Unit filename="/home/amir/Documents/CS Masters/Robotics/Final Project/../../../../../../usr/lib/x86_64-linux-gnu/cmake/Qt5/Qt5ConfigVersion.cmake">
          <Option virtualFolder="CMake Files\..\..\..\..\..\..\usr\lib\x86_64-linux-gnu\cmake\Qt5\" />
      </Unit>
      <Unit filename="/home/amir/Documents/CS Masters/Robotics/Final Project/../../../../../../usr/lib/x86_64-linux-gnu/cmake/Qt5/Qt5Config.cmake">
          <Option virtualFolder="CMake Files\..\..\..\..\..\..\usr\lib\x86_64-linux-gnu\cmake\Qt5\" />
      </Unit>
      <Unit filename="/home/amir/Documents/CS Masters/Robotics/Final Project/../../../../../../usr/lib/x86_64-linux-gnu/cmake/Qt5OpenGL/Qt5OpenGLConfigVersion.cmake">
          <Option virtualFolder="CMake Files\..\..\..\..\..\..\usr\lib\x86_64-linux-gnu\cmake\Qt5OpenGL\" />
      </Unit>
      <Unit filename="/home/amir/Documents/CS Masters/Robotics/Final Project/../../../../../../usr/lib/x86_64-linux-gnu/cmake/Qt5OpenGL/Qt5OpenGLConfig.cmake">
          <Option virtualFolder="CMake Files\..\..\..\..\..\..\usr\lib\x86_64-linux-gnu\cmake\Qt5OpenGL\" />
      </Unit>
      <Unit filename="/home/amir/Documents/CS Masters/Robotics/Final Project/../../../../../../usr/lib/x86_64-linux-gnu/cmake/Qt5OpenGL/Qt5OpenGLConfigVersion.cmake">
          <Option virtualFolder="CMake Files\..\..\..\..\..\..\usr\lib\x86_64-linux-gnu\cmake\Qt5OpenGL\" />
      </Unit>
      <Unit filename="/home/amir/Documents/CS Masters/Robotics/Final Project/../../../../../../usr/lib/x86_64-linux-gnu/cmake/Qt5OpenGL/Qt5OpenGLConfig.cmake">
          <Option virtualFolder="CMake Files\..\..\..\..\..\..\usr\lib\x86_64-linux-gnu\cmake\Qt5OpenGL\" />
      </Unit>
      <Unit filename="/home/amir/Documents/CS Masters/Robotics/Final Project/../../../../../../usr/lib/x86_64-linux-gnu/cmake/Qt5OpenGL/Qt5OpenGLConfigVersion.cmake">
          <Option virtualFolder="CMake Files\..\..\..\..\..\..\usr\lib\x86_64-linux-gnu\cmake\Qt5OpenGL\" />
      </Unit>
      <Unit filename="/home/amir/Documents/CS Masters/Robotics/Final Project/../../../../../../usr/lib/x86_64-linux-gnu/cmake/Qt5OpenGL/Qt5OpenGLConfig.cmake">
          <Option virtualFolder="CMake Files\..\..\..\..\..\..\usr\lib\x86_64-linux-gnu\cmake\Qt5OpenGL\" />
      </Unit>
      <Unit filename="/home/amir/Documents/CS Masters/Robotics/Final Project/../../../../../../usr/lib/x86_64-linux-gnu/cmake/Qt5Widgets/Qt5WidgetsConfigVersion.cmake">
          <Option virtualFolder="CMake Files\..\..\..\..\..\..\usr\lib\x86_64-linux-gnu\cmake\Qt5Widgets\" />
      </Unit>
      <Unit filename="/home/amir/Documents/CS Masters/Robotics/Final Project/../../../../../../usr/lib/x86_64-linux-gnu/cmake/Qt5Widgets/Qt5WidgetsConfig.cmake">
          <Option virtualFolder="CMake Files\..\..\..\..\..\..\usr\lib\x86_64-linux-gnu\cmake\Qt5Widgets\" />
      </Unit>
      <Unit filename="/home/amir/Documents/CS Masters/Robotics/Final Project/../../../../../../usr/lib/x86_64-linux-gnu/cmake/Qt5Widgets/Qt5WidgetsConfigExtras.cmake">
          <Option virtualFolder="CMake Files\..\..\..\..\..\..\usr\lib\x86_64-linux-gnu\cmake\Qt5Widgets\" />
      </Unit>
      <Unit filename="/home/amir/Documents/CS Masters/Robotics/Final Project/../../../../../../usr/lib/x86_64-linux-gnu/cmake/Qt5Widgets/Qt5WidgetsMacros.cmake">
          <Option virtualFolder="CMake Files\..\..\..\..\..\..\usr\lib\x86_64-linux-gnu\cmake\Qt5Widgets\" />
      </Unit>
      <Unit filename="/home/amir/Documents/CS Masters/Robotics/Final Project/../../../../../../usr/lib/x86_64-linux-gnu/cmake/Qt5Gui/Qt5GuiConfigVersion.cmake">
          <Option virtualFolder="CMake Files\..\..\..\..\..\..\usr\lib\x86_64-linux-gnu\cmake\Qt5Gui\" />
      </Unit>
      <Unit filename="/home/amir/Documents/CS Masters/Robotics/Final Project/../../../../../../usr/lib/x86_64-linux-gnu/cmake/Qt5Gui/Qt5GuiConfig.cmake">
          <Option virtualFolder="CMake Files\..\..\..\..\..\..\usr\lib\x86_64-linux-gnu\cmake\Qt5Gui\" />
      </Unit>
      <Unit filename="/home/amir/Documents/CS Masters/Robotics/Final Project/../../../../../../usr/lib/x86_64-linux-gnu/cmake/Qt5Gui/Qt5GuiConfigExtras.cmake">
          <Option virtualFolder="CMake Files\..\..\..\..\..\..\usr\lib\x86_64-linux-gnu\cmake\Qt5Gui\" />
      </Unit>
      <Unit filename="/home/amir/Documents/CS Masters/Robotics/Final Project/../../../../../../usr/lib/x86_64-linux-gnu/cmake/Qt5Gui/Qt5GuiConfigVersion.cmake">
          <Option virtualFolder="CMake Files\..\..\..\..\..\..\usr\lib\x86_64-linux-gnu\cmake\Qt5Gui\" />
      </Unit>
      <Unit filename="/home/amir/Documents/CS Masters/Robotics/Final Project/../../../../../../usr/lib/x86_64-linux-gnu/cmake/Qt5Gui/Qt5GuiConfig.cmake">
          <Option virtualFolder="CMake Files\..\..\..\..\..\..\usr\lib\x86_64-linux-gnu\cmake\Qt5Gui\" />
      </Unit>
      <Unit filename="/home/amir/Documents/CS Masters/Robotics/Final Project/../../../../../../usr/lib/x86_64-linux-gnu/cmake/Qt5Core/Qt5CoreConfigVersion.cmake">
          <Option virtualFolder="CMake Files\..\..\..\..\..\..\usr\lib\x86_64-linux-gnu\cmake\Qt5Core\" />
      </Unit>
      <Unit filename="/home/amir/Documents/CS Masters/Robotics/Final Project/../../../../../../usr/lib/x86_64-linux-gnu/cmake/Qt5Core/Qt5CoreConfig.cmake">
          <Option virtualFolder="CMake Files\..\..\..\..\..\..\usr\lib\x86_64-linux-gnu\cmake\Qt5Core\" />
      </Unit>
      <Unit filename="/home/amir/Documents/CS Masters/Robotics/Final Project/../../../../../../usr/lib/x86_64-linux-gnu/cmake/Qt5Core/Qt5CoreConfigExtras.cmake">
          <Option virtualFolder="CMake Files\..\..\..\..\..\..\usr\lib\x86_64-linux-gnu\cmake\Qt5Core\" />
      </Unit>
      <Unit filename="/home/amir/Documents/CS Masters/Robotics/Final Project/../../../../../../usr/lib/x86_64-linux-gnu/cmake/Qt5Core/Qt5CoreConfigExtrasMkspecDir.cmake">
          <Option virtualFolder="CMake Files\..\..\..\..\..\..\usr\lib\x86_64-linux-gnu\cmake\Qt5Core\" />
      </Unit>
      <Unit filename="/home/amir/Documents/CS Masters/Robotics/Final Project/../../../../../../usr/lib/x86_64-linux-gnu/cmake/Qt5Core/Qt5CoreMacros.cmake">
          <Option virtualFolder="CMake Files\..\..\..\..\..\..\usr\lib\x86_64-linux-gnu\cmake\Qt5Core\" />
      </Unit>
      <Unit filename="/home/amir/Documents/CS Masters/Robotics/Final Project/../../../../../../usr/lib/x86_64-linux-gnu/cmake/Qt5Core/Qt5CoreConfigVersion.cmake">
          <Option virtualFolder="CMake Files\..\..\..\..\..\..\usr\lib\x86_64-linux-gnu\cmake\Qt5Core\" />
      </Unit>
      <Unit filename="/home/amir/Documents/CS Masters/Robotics/Final Project/../../../../../../usr/lib/x86_64-linux-gnu/cmake/Qt5Core/Qt5CoreConfig.cmake">
          <Option virtualFolder="CMake Files\..\..\..\..\..\..\usr\lib\x86_64-linux-gnu\cmake\Qt5Core\" />
      </Unit>
      <Unit filename="/home/amir/Documents/CS Masters/Robotics/Final Project/../../../../../../usr/lib/x86_64-linux-gnu/cmake/Qt5Svg/Qt5SvgConfigVersion.cmake">
          <Option virtualFolder="CMake Files\..\..\..\..\..\..\usr\lib\x86_64-linux-gnu\cmake\Qt5Svg\" />
      </Unit>
      <Unit filename="/home/amir/Documents/CS Masters/Robotics/Final Project/../../../../../../usr/lib/x86_64-linux-gnu/cmake/Qt5Svg/Qt5SvgConfig.cmake">
          <Option virtualFolder="CMake Files\..\..\..\..\..\..\usr\lib\x86_64-linux-gnu\cmake\Qt5Svg\" />
      </Unit>
      <Unit filename="/home/amir/Documents/CS Masters/Robotics/Final Project/../../../../../../usr/lib/x86_64-linux-gnu/cmake/Qt5Svg/Qt5Svg_QSvgIconPlugin.cmake">
          <Option virtualFolder="CMake Files\..\..\..\..\..\..\usr\lib\x86_64-linux-gnu\cmake\Qt5Svg\" />
      </Unit>
      <Unit filename="/home/amir/Documents/CS Masters/Robotics/Final Project/../../../../../../usr/lib/x86_64-linux-gnu/cmake/Qt5Svg/Qt5Svg_QSvgPlugin.cmake">
          <Option virtualFolder="CMake Files\..\..\..\..\..\..\usr\lib\x86_64-linux-gnu\cmake\Qt5Svg\" />
      </Unit>
      <Unit filename="/home/amir/Documents/CS Masters/Robotics/Final Project/../../../../../../usr/lib/x86_64-linux-gnu/cmake/Qt5Svg/Qt5SvgConfigVersion.cmake">
          <Option virtualFolder="CMake Files\..\..\..\..\..\..\usr\lib\x86_64-linux-gnu\cmake\Qt5Svg\" />
      </Unit>
      <Unit filename="/home/amir/Documents/CS Masters/Robotics/Final Project/../../../../../../usr/lib/x86_64-linux-gnu/cmake/Qt5Svg/Qt5SvgConfig.cmake">
          <Option virtualFolder="CMake Files\..\..\..\..\..\..\usr\lib\x86_64-linux-gnu\cmake\Qt5Svg\" />
      </Unit>
      <Unit filename="/home/amir/Documents/CS Masters/Robotics/Final Project/../../../../../../usr/lib/x86_64-linux-gnu/cmake/Qt5Script/Qt5ScriptConfigVersion.cmake">
          <Option virtualFolder="CMake Files\..\..\..\..\..\..\usr\lib\x86_64-linux-gnu\cmake\Qt5Script\" />
      </Unit>
      <Unit filename="/home/amir/Documents/CS Masters/Robotics/Final Project/../../../../../../usr/lib/x86_64-linux-gnu/cmake/Qt5Script/Qt5ScriptConfig.cmake">
          <Option virtualFolder="CMake Files\..\..\..\..\..\..\usr\lib\x86_64-linux-gnu\cmake\Qt5Script\" />
      </Unit>
      <Unit filename="/home/amir/Documents/CS Masters/Robotics/Final Project/../../../../../../usr/lib/x86_64-linux-gnu/cmake/Qt5Script/Qt5ScriptConfigVersion.cmake">
          <Option virtualFolder="CMake Files\..\..\..\..\..\..\usr\lib\x86_64-linux-gnu\cmake\Qt5Script\" />
      </Unit>
      <Unit filename="/home/amir/Documents/CS Masters/Robotics/Final Project/../../../../../../usr/lib/x86_64-linux-gnu/cmake/Qt5Script/Qt5ScriptConfig.cmake">
          <Option virtualFolder="CMake Files\..\..\..\..\..\..\usr\lib\x86_64-linux-gnu\cmake\Qt5Script\" />
      </Unit>
      <Unit filename="/home/amir/Documents/CS Masters/Robotics/Final Project/../../../../../../usr/lib/x86_64-linux-gnu/cmake/Qt5ScriptTools/Qt5ScriptToolsConfigVersion.cmake">
          <Option virtualFolder="CMake Files\..\..\..\..\..\..\usr\lib\x86_64-linux-gnu\cmake\Qt5ScriptTools\" />
      </Unit>
      <Unit filename="/home/amir/Documents/CS Masters/Robotics/Final Project/../../../../../../usr/lib/x86_64-linux-gnu/cmake/Qt5ScriptTools/Qt5ScriptToolsConfig.cmake">
          <Option virtualFolder="CMake Files\..\..\..\..\..\..\usr\lib\x86_64-linux-gnu\cmake\Qt5ScriptTools\" />
      </Unit>
      <Unit filename="/home/amir/Documents/CS Masters/Robotics/Final Project/../../../../../../usr/lib/x86_64-linux-gnu/cmake/Qt5Xml/Qt5XmlConfigVersion.cmake">
          <Option virtualFolder="CMake Files\..\..\..\..\..\..\usr\lib\x86_64-linux-gnu\cmake\Qt5Xml\" />
      </Unit>
      <Unit filename="/home/amir/Documents/CS Masters/Robotics/Final Project/../../../../../../usr/lib/x86_64-linux-gnu/cmake/Qt5Xml/Qt5XmlConfig.cmake">
          <Option virtualFolder="CMake Files\..\..\..\..\..\..\usr\lib\x86_64-linux-gnu\cmake\Qt5Xml\" />
      </Unit>
   </Project>
</CodeBlocks_project_file>
